
Microsoft Visual Studio Solution File, Format Version 12.00
# Visual Studio Version 16
VisualStudioVersion = 16.0.30523.141
MinimumVisualStudioVersion = 10.0.40219.1
Project("{FAE04EC0-301F-11D3-BF4B-00C04F79EFBC}") = "Dengi Store Manager", "Dengi Store Manager\Dengi Store Manager.csproj", "{0BA231F2-CD5E-44C1-B751-5A51748667CE}"
EndProject
Global
	GlobalSection(SolutionConfigurationPlatforms) = preSolution
		Debug|Any CPU = Debug|Any CPU
		Release|Any CPU = Release|Any CPU
	EndGlobalSection
	GlobalSection(ProjectConfigurationPlatforms) = postSolution
		{0BA231F2-CD5E-44C1-B751-5A51748667CE}.Debug|Any CPU.ActiveCfg = Debug|Any CPU
		{0BA231F2-CD5E-44C1-B751-5A51748667CE}.Debug|Any CPU.Build.0 = Debug|Any CPU
		{0BA231F2-CD5E-44C1-B751-5A51748667CE}.Release|Any CPU.ActiveCfg = Release|Any CPU
		{0BA231F2-CD5E-44C1-B751-5A51748667CE}.Release|Any CPU.Build.0 = Release|Any CPU
	EndGlobalSection
	GlobalSection(SolutionProperties) = preSolution
		HideSolutionNode = FALSE
	EndGlobalSection
	GlobalSection(ExtensibilityGlobals) = postSolution
		SolutionGuid = {EF7EA5A5-BEA6-4962-BEC2-94D7D0E4AC10}
	EndGlobalSection
EndGlobal
